
Microsoft Visual Studio Solution File, Format Version 12.00
# Visual Studio Version 17
VisualStudioVersion = 17.6.33829.357
MinimumVisualStudioVersion = 10.0.40219.1
Project("{FAE04EC0-301F-11D3-BF4B-00C04F79EFBC}") = "task2.Core", "task2.Core\task2.Core.csproj", "{6471E05B-8C05-4119-B8E7-AD5923943D00}"
EndProject
Project("{FAE04EC0-301F-11D3-BF4B-00C04F79EFBC}") = "task2.Repository", "task2.Repository\task2.Repository.csproj", "{BDCF9831-9428-42F8-B07B-615F0E354225}"
EndProject
Project("{FAE04EC0-301F-11D3-BF4B-00C04F79EFBC}") = "task2.Service", "task2.Service\task2.Service.csproj", "{5CFDF397-993B-4C66-A6A4-293F17D5865C}"
EndProject
Project("{FAE04EC0-301F-11D3-BF4B-00C04F79EFBC}") = "task2.API", "task2.API\task2.API.csproj", "{F3B733FE-ECD4-437B-982D-F71D0C414EB9}"
EndProject
Project("{FAE04EC0-301F-11D3-BF4B-00C04F79EFBC}") = "task2.Web", "task2.Web\task2.Web.csproj", "{65436B5B-A793-42CE-A6B5-93E94B56F1B2}"
EndProject
Global
	GlobalSection(SolutionConfigurationPlatforms) = preSolution
		Debug|Any CPU = Debug|Any CPU
		Release|Any CPU = Release|Any CPU
	EndGlobalSection
	GlobalSection(ProjectConfigurationPlatforms) = postSolution
		{6471E05B-8C05-4119-B8E7-AD5923943D00}.Debug|Any CPU.ActiveCfg = Debug|Any CPU
		{6471E05B-8C05-4119-B8E7-AD5923943D00}.Debug|Any CPU.Build.0 = Debug|Any CPU
		{6471E05B-8C05-4119-B8E7-AD5923943D00}.Release|Any CPU.ActiveCfg = Release|Any CPU
		{6471E05B-8C05-4119-B8E7-AD5923943D00}.Release|Any CPU.Build.0 = Release|Any CPU
		{BDCF9831-9428-42F8-B07B-615F0E354225}.Debug|Any CPU.ActiveCfg = Debug|Any CPU
		{BDCF9831-9428-42F8-B07B-615F0E354225}.Debug|Any CPU.Build.0 = Debug|Any CPU
		{BDCF9831-9428-42F8-B07B-615F0E354225}.Release|Any CPU.ActiveCfg = Release|Any CPU
		{BDCF9831-9428-42F8-B07B-615F0E354225}.Release|Any CPU.Build.0 = Release|Any CPU
		{5CFDF397-993B-4C66-A6A4-293F17D5865C}.Debug|Any CPU.ActiveCfg = Debug|Any CPU
		{5CFDF397-993B-4C66-A6A4-293F17D5865C}.Debug|Any CPU.Build.0 = Debug|Any CPU
		{5CFDF397-993B-4C66-A6A4-293F17D5865C}.Release|Any CPU.ActiveCfg = Release|Any CPU
		{5CFDF397-993B-4C66-A6A4-293F17D5865C}.Release|Any CPU.Build.0 = Release|Any CPU
		{F3B733FE-ECD4-437B-982D-F71D0C414EB9}.Debug|Any CPU.ActiveCfg = Debug|Any CPU
		{F3B733FE-ECD4-437B-982D-F71D0C414EB9}.Debug|Any CPU.Build.0 = Debug|Any CPU
		{F3B733FE-ECD4-437B-982D-F71D0C414EB9}.Release|Any CPU.ActiveCfg = Release|Any CPU
		{F3B733FE-ECD4-437B-982D-F71D0C414EB9}.Release|Any CPU.Build.0 = Release|Any CPU
		{65436B5B-A793-42CE-A6B5-93E94B56F1B2}.Debug|Any CPU.ActiveCfg = Debug|Any CPU
		{65436B5B-A793-42CE-A6B5-93E94B56F1B2}.Debug|Any CPU.Build.0 = Debug|Any CPU
		{65436B5B-A793-42CE-A6B5-93E94B56F1B2}.Release|Any CPU.ActiveCfg = Release|Any CPU
		{65436B5B-A793-42CE-A6B5-93E94B56F1B2}.Release|Any CPU.Build.0 = Release|Any CPU
	EndGlobalSection
	GlobalSection(SolutionProperties) = preSolution
		HideSolutionNode = FALSE
	EndGlobalSection
	GlobalSection(ExtensibilityGlobals) = postSolution
		SolutionGuid = {6B69AB78-4392-4E32-9EE0-5A85CBC42C4B}
	EndGlobalSection
EndGlobal
